
Microsoft Visual Studio Solution File, Format Version 12.00
# Visual Studio Version 17
VisualStudioVersion = 17.0.31903.59
MinimumVisualStudioVersion = 10.0.40219.1
Project("{2150E333-8FDC-42A3-9474-1A3956D46DE8}") = "src", "src", "{827E0CD3-B72D-47B6-A68D-7590B98EB39B}"
EndProject
Project("{FAE04EC0-301F-11D3-BF4B-00C04F79EFBC}") = "ExoChat.Domain", "src\ExoChat.Domain\ExoChat.Domain.csproj", "{D8334102-478D-49C5-86D4-C924C9F5D481}"
EndProject
Project("{FAE04EC0-301F-11D3-BF4B-00C04F79EFBC}") = "ExoChat.Application", "src\ExoChat.Application\ExoChat.Application.csproj", "{77497797-893E-4F2B-8728-89615A383170}"
EndProject
Project("{FAE04EC0-301F-11D3-BF4B-00C04F79EFBC}") = "ExoChat.Infrastructure", "src\ExoChat.Infrastructure\ExoChat.Infrastructure.csproj", "{FECDF71A-A94D-4D85-822C-A8A43F2C6F87}"
EndProject
Project("{FAE04EC0-301F-11D3-BF4B-00C04F79EFBC}") = "ExoChat.Api", "src\ExoChat.Api\ExoChat.Api.csproj", "{2BAF9D36-1BAE-40C8-AE90-8C703C3CA5E3}"
EndProject
Project("{FAE04EC0-301F-11D3-BF4B-00C04F79EFBC}") = "ExoChat.Shared", "src\ExoChat.Shared\ExoChat.Shared.csproj", "{BFA3E92B-7909-4EDB-8BED-CFBFE28D6C98}"
EndProject
Project("{FAE04EC0-301F-11D3-BF4B-00C04F79EFBC}") = "ExoChat.UnitTests", "tests\ExoChat.UnitTests\ExoChat.UnitTests.csproj", "{907E15E3-1FC5-4919-834A-F63D52AC35D9}"
EndProject
Project("{FAE04EC0-301F-11D3-BF4B-00C04F79EFBC}") = "ExoChat.IntegrationTests", "tests\ExoChat.IntegrationTests\ExoChat.IntegrationTests.csproj", "{CA25F0E9-F4D0-4E3A-B46A-1F17884DC284}"
EndProject
Global
	GlobalSection(SolutionConfigurationPlatforms) = preSolution
		Debug|Any CPU = Debug|Any CPU
		Debug|x64 = Debug|x64
		Debug|x86 = Debug|x86
		Release|Any CPU = Release|Any CPU
		Release|x64 = Release|x64
		Release|x86 = Release|x86
	EndGlobalSection
	GlobalSection(ProjectConfigurationPlatforms) = postSolution
		{D8334102-478D-49C5-86D4-C924C9F5D481}.Debug|Any CPU.ActiveCfg = Debug|Any CPU
		{D8334102-478D-49C5-86D4-C924C9F5D481}.Debug|Any CPU.Build.0 = Debug|Any CPU
		{D8334102-478D-49C5-86D4-C924C9F5D481}.Debug|x64.ActiveCfg = Debug|Any CPU
		{D8334102-478D-49C5-86D4-C924C9F5D481}.Debug|x64.Build.0 = Debug|Any CPU
		{D8334102-478D-49C5-86D4-C924C9F5D481}.Debug|x86.ActiveCfg = Debug|Any CPU
		{D8334102-478D-49C5-86D4-C924C9F5D481}.Debug|x86.Build.0 = Debug|Any CPU
		{D8334102-478D-49C5-86D4-C924C9F5D481}.Release|Any CPU.ActiveCfg = Release|Any CPU
		{D8334102-478D-49C5-86D4-C924C9F5D481}.Release|Any CPU.Build.0 = Release|Any CPU
		{D8334102-478D-49C5-86D4-C924C9F5D481}.Release|x64.ActiveCfg = Release|Any CPU
		{D8334102-478D-49C5-86D4-C924C9F5D481}.Release|x64.Build.0 = Release|Any CPU
		{D8334102-478D-49C5-86D4-C924C9F5D481}.Release|x86.ActiveCfg = Release|Any CPU
		{D8334102-478D-49C5-86D4-C924C9F5D481}.Release|x86.Build.0 = Release|Any CPU
		{77497797-893E-4F2B-8728-89615A383170}.Debug|Any CPU.ActiveCfg = Debug|Any CPU
		{77497797-893E-4F2B-8728-89615A383170}.Debug|Any CPU.Build.0 = Debug|Any CPU
		{77497797-893E-4F2B-8728-89615A383170}.Debug|x64.ActiveCfg = Debug|Any CPU
		{77497797-893E-4F2B-8728-89615A383170}.Debug|x64.Build.0 = Debug|Any CPU
		{77497797-893E-4F2B-8728-89615A383170}.Debug|x86.ActiveCfg = Debug|Any CPU
		{77497797-893E-4F2B-8728-89615A383170}.Debug|x86.Build.0 = Debug|Any CPU
		{77497797-893E-4F2B-8728-89615A383170}.Release|Any CPU.ActiveCfg = Release|Any CPU
		{77497797-893E-4F2B-8728-89615A383170}.Release|Any CPU.Build.0 = Release|Any CPU
		{77497797-893E-4F2B-8728-89615A383170}.Release|x64.ActiveCfg = Release|Any CPU
		{77497797-893E-4F2B-8728-89615A383170}.Release|x64.Build.0 = Release|Any CPU
		{77497797-893E-4F2B-8728-89615A383170}.Release|x86.ActiveCfg = Release|Any CPU
		{77497797-893E-4F2B-8728-89615A383170}.Release|x86.Build.0 = Release|Any CPU
		{FECDF71A-A94D-4D85-822C-A8A43F2C6F87}.Debug|Any CPU.ActiveCfg = Debug|Any CPU
		{FECDF71A-A94D-4D85-822C-A8A43F2C6F87}.Debug|Any CPU.Build.0 = Debug|Any CPU
		{FECDF71A-A94D-4D85-822C-A8A43F2C6F87}.Debug|x64.ActiveCfg = Debug|Any CPU
		{FECDF71A-A94D-4D85-822C-A8A43F2C6F87}.Debug|x64.Build.0 = Debug|Any CPU
		{FECDF71A-A94D-4D85-822C-A8A43F2C6F87}.Debug|x86.ActiveCfg = Debug|Any CPU
		{FECDF71A-A94D-4D85-822C-A8A43F2C6F87}.Debug|x86.Build.0 = Debug|Any CPU
		{FECDF71A-A94D-4D85-822C-A8A43F2C6F87}.Release|Any CPU.ActiveCfg = Release|Any CPU
		{FECDF71A-A94D-4D85-822C-A8A43F2C6F87}.Release|Any CPU.Build.0 = Release|Any CPU
		{FECDF71A-A94D-4D85-822C-A8A43F2C6F87}.Release|x64.ActiveCfg = Release|Any CPU
		{FECDF71A-A94D-4D85-822C-A8A43F2C6F87}.Release|x64.Build.0 = Release|Any CPU
		{FECDF71A-A94D-4D85-822C-A8A43F2C6F87}.Release|x86.ActiveCfg = Release|Any CPU
		{FECDF71A-A94D-4D85-822C-A8A43F2C6F87}.Release|x86.Build.0 = Release|Any CPU
		{2BAF9D36-1BAE-40C8-AE90-8C703C3CA5E3}.Debug|Any CPU.ActiveCfg = Debug|Any CPU
		{2BAF9D36-1BAE-40C8-AE90-8C703C3CA5E3}.Debug|Any CPU.Build.0 = Debug|Any CPU
		{2BAF9D36-1BAE-40C8-AE90-8C703C3CA5E3}.Debug|x64.ActiveCfg = Debug|Any CPU
		{2BAF9D36-1BAE-40C8-AE90-8C703C3CA5E3}.Debug|x64.Build.0 = Debug|Any CPU
		{2BAF9D36-1BAE-40C8-AE90-8C703C3CA5E3}.Debug|x86.ActiveCfg = Debug|Any CPU
		{2BAF9D36-1BAE-40C8-AE90-8C703C3CA5E3}.Debug|x86.Build.0 = Debug|Any CPU
		{2BAF9D36-1BAE-40C8-AE90-8C703C3CA5E3}.Release|Any CPU.ActiveCfg = Release|Any CPU
		{2BAF9D36-1BAE-40C8-AE90-8C703C3CA5E3}.Release|Any CPU.Build.0 = Release|Any CPU
		{2BAF9D36-1BAE-40C8-AE90-8C703C3CA5E3}.Release|x64.ActiveCfg = Release|Any CPU
		{2BAF9D36-1BAE-40C8-AE90-8C703C3CA5E3}.Release|x64.Build.0 = Release|Any CPU
		{2BAF9D36-1BAE-40C8-AE90-8C703C3CA5E3}.Release|x86.ActiveCfg = Release|Any CPU
		{2BAF9D36-1BAE-40C8-AE90-8C703C3CA5E3}.Release|x86.Build.0 = Release|Any CPU
		{BFA3E92B-7909-4EDB-8BED-CFBFE28D6C98}.Debug|Any CPU.ActiveCfg = Debug|Any CPU
		{BFA3E92B-7909-4EDB-8BED-CFBFE28D6C98}.Debug|Any CPU.Build.0 = Debug|Any CPU
		{BFA3E92B-7909-4EDB-8BED-CFBFE28D6C98}.Debug|x64.ActiveCfg = Debug|Any CPU
		{BFA3E92B-7909-4EDB-8BED-CFBFE28D6C98}.Debug|x64.Build.0 = Debug|Any CPU
		{BFA3E92B-7909-4EDB-8BED-CFBFE28D6C98}.Debug|x86.ActiveCfg = Debug|Any CPU
		{BFA3E92B-7909-4EDB-8BED-CFBFE28D6C98}.Debug|x86.Build.0 = Debug|Any CPU
		{BFA3E92B-7909-4EDB-8BED-CFBFE28D6C98}.Release|Any CPU.ActiveCfg = Release|Any CPU
		{BFA3E92B-7909-4EDB-8BED-CFBFE28D6C98}.Release|Any CPU.Build.0 = Release|Any CPU
		{BFA3E92B-7909-4EDB-8BED-CFBFE28D6C98}.Release|x64.ActiveCfg = Release|Any CPU
		{BFA3E92B-7909-4EDB-8BED-CFBFE28D6C98}.Release|x64.Build.0 = Release|Any CPU
		{BFA3E92B-7909-4EDB-8BED-CFBFE28D6C98}.Release|x86.ActiveCfg = Release|Any CPU
		{BFA3E92B-7909-4EDB-8BED-CFBFE28D6C98}.Release|x86.Build.0 = Release|Any CPU
		{907E15E3-1FC5-4919-834A-F63D52AC35D9}.Debug|Any CPU.ActiveCfg = Debug|Any CPU
		{907E15E3-1FC5-4919-834A-F63D52AC35D9}.Debug|Any CPU.Build.0 = Debug|Any CPU
		{907E15E3-1FC5-4919-834A-F63D52AC35D9}.Debug|x64.ActiveCfg = Debug|Any CPU
		{907E15E3-1FC5-4919-834A-F63D52AC35D9}.Debug|x64.Build.0 = Debug|Any CPU
		{907E15E3-1FC5-4919-834A-F63D52AC35D9}.Debug|x86.ActiveCfg = Debug|Any CPU
		{907E15E3-1FC5-4919-834A-F63D52AC35D9}.Debug|x86.Build.0 = Debug|Any CPU
		{907E15E3-1FC5-4919-834A-F63D52AC35D9}.Release|Any CPU.ActiveCfg = Release|Any CPU
		{907E15E3-1FC5-4919-834A-F63D52AC35D9}.Release|Any CPU.Build.0 = Release|Any CPU
		{907E15E3-1FC5-4919-834A-F63D52AC35D9}.Release|x64.ActiveCfg = Release|Any CPU
		{907E15E3-1FC5-4919-834A-F63D52AC35D9}.Release|x64.Build.0 = Release|Any CPU
		{907E15E3-1FC5-4919-834A-F63D52AC35D9}.Release|x86.ActiveCfg = Release|Any CPU
		{907E15E3-1FC5-4919-834A-F63D52AC35D9}.Release|x86.Build.0 = Release|Any CPU
		{CA25F0E9-F4D0-4E3A-B46A-1F17884DC284}.Debug|Any CPU.ActiveCfg = Debug|Any CPU
		{CA25F0E9-F4D0-4E3A-B46A-1F17884DC284}.Debug|Any CPU.Build.0 = Debug|Any CPU
		{CA25F0E9-F4D0-4E3A-B46A-1F17884DC284}.Debug|x64.ActiveCfg = Debug|Any CPU
		{CA25F0E9-F4D0-4E3A-B46A-1F17884DC284}.Debug|x64.Build.0 = Debug|Any CPU
		{CA25F0E9-F4D0-4E3A-B46A-1F17884DC284}.Debug|x86.ActiveCfg = Debug|Any CPU
		{CA25F0E9-F4D0-4E3A-B46A-1F17884DC284}.Debug|x86.Build.0 = Debug|Any CPU
		{CA25F0E9-F4D0-4E3A-B46A-1F17884DC284}.Release|Any CPU.ActiveCfg = Release|Any CPU
		{CA25F0E9-F4D0-4E3A-B46A-1F17884DC284}.Release|Any CPU.Build.0 = Release|Any CPU
		{CA25F0E9-F4D0-4E3A-B46A-1F17884DC284}.Release|x64.ActiveCfg = Release|Any CPU
		{CA25F0E9-F4D0-4E3A-B46A-1F17884DC284}.Release|x64.Build.0 = Release|Any CPU
		{CA25F0E9-F4D0-4E3A-B46A-1F17884DC284}.Release|x86.ActiveCfg = Release|Any CPU
		{CA25F0E9-F4D0-4E3A-B46A-1F17884DC284}.Release|x86.Build.0 = Release|Any CPU
	EndGlobalSection
	GlobalSection(SolutionProperties) = preSolution
		HideSolutionNode = FALSE
	EndGlobalSection
	GlobalSection(NestedProjects) = preSolution
		{D8334102-478D-49C5-86D4-C924C9F5D481} = {827E0CD3-B72D-47B6-A68D-7590B98EB39B}
		{77497797-893E-4F2B-8728-89615A383170} = {827E0CD3-B72D-47B6-A68D-7590B98EB39B}
		{FECDF71A-A94D-4D85-822C-A8A43F2C6F87} = {827E0CD3-B72D-47B6-A68D-7590B98EB39B}
		{2BAF9D36-1BAE-40C8-AE90-8C703C3CA5E3} = {827E0CD3-B72D-47B6-A68D-7590B98EB39B}
		{BFA3E92B-7909-4EDB-8BED-CFBFE28D6C98} = {827E0CD3-B72D-47B6-A68D-7590B98EB39B}
		{907E15E3-1FC5-4919-834A-F63D52AC35D9} = {827E0CD3-B72D-47B6-A68D-7590B98EB39B}
		{CA25F0E9-F4D0-4E3A-B46A-1F17884DC284} = {827E0CD3-B72D-47B6-A68D-7590B98EB39B}
	EndGlobalSection
EndGlobal
